
Microsoft Visual Studio Solution File, Format Version 12.00
# Visual Studio Version 17
VisualStudioVersion = 17.2.32630.192
MinimumVisualStudioVersion = 10.0.40219.1
Project("{FAE04EC0-301F-11D3-BF4B-00C04F79EFBC}") = "ADWApp.DAL", "DAL\ADWApp.DAL.csproj", "{08BF1133-F1E0-45E8-92F9-DBF5645FB200}"
EndProject
Project("{FAE04EC0-301F-11D3-BF4B-00C04F79EFBC}") = "ADWApp.BLL", "ADWApp.BLL\ADWApp.BLL.csproj", "{00A77277-757C-474B-BD08-D6B915E8F7DD}"
EndProject
Project("{FAE04EC0-301F-11D3-BF4B-00C04F79EFBC}") = "AdwApp.UI.WinForm", "AdwApp.UI.WinForm\AdwApp.UI.WinForm.csproj", "{C960FAF9-B007-461F-B56F-9BBE1470DAF0}"
EndProject
Global
	GlobalSection(SolutionConfigurationPlatforms) = preSolution
		Debug|Any CPU = Debug|Any CPU
		Release|Any CPU = Release|Any CPU
	EndGlobalSection
	GlobalSection(ProjectConfigurationPlatforms) = postSolution
		{08BF1133-F1E0-45E8-92F9-DBF5645FB200}.Debug|Any CPU.ActiveCfg = Debug|Any CPU
		{08BF1133-F1E0-45E8-92F9-DBF5645FB200}.Debug|Any CPU.Build.0 = Debug|Any CPU
		{08BF1133-F1E0-45E8-92F9-DBF5645FB200}.Release|Any CPU.ActiveCfg = Release|Any CPU
		{08BF1133-F1E0-45E8-92F9-DBF5645FB200}.Release|Any CPU.Build.0 = Release|Any CPU
		{00A77277-757C-474B-BD08-D6B915E8F7DD}.Debug|Any CPU.ActiveCfg = Debug|Any CPU
		{00A77277-757C-474B-BD08-D6B915E8F7DD}.Debug|Any CPU.Build.0 = Debug|Any CPU
		{00A77277-757C-474B-BD08-D6B915E8F7DD}.Release|Any CPU.ActiveCfg = Release|Any CPU
		{00A77277-757C-474B-BD08-D6B915E8F7DD}.Release|Any CPU.Build.0 = Release|Any CPU
		{C960FAF9-B007-461F-B56F-9BBE1470DAF0}.Debug|Any CPU.ActiveCfg = Debug|Any CPU
		{C960FAF9-B007-461F-B56F-9BBE1470DAF0}.Debug|Any CPU.Build.0 = Debug|Any CPU
		{C960FAF9-B007-461F-B56F-9BBE1470DAF0}.Release|Any CPU.ActiveCfg = Release|Any CPU
		{C960FAF9-B007-461F-B56F-9BBE1470DAF0}.Release|Any CPU.Build.0 = Release|Any CPU
	EndGlobalSection
	GlobalSection(SolutionProperties) = preSolution
		HideSolutionNode = FALSE
	EndGlobalSection
	GlobalSection(ExtensibilityGlobals) = postSolution
		SolutionGuid = {B4982A77-EB0C-47D0-A877-610484E3B65E}
	EndGlobalSection
EndGlobal
